
Microsoft Visual Studio Solution File, Format Version 12.00
# Visual Studio Version 17
VisualStudioVersion = 17.14.36301.6 d17.14
MinimumVisualStudioVersion = 10.0.40219.1
Project("{FAE04EC0-301F-11D3-BF4B-00C04F79EFBC}") = "BlazorSignalRChatDotNet9", "BlazorSignalRChatDotNet9\BlazorSignalRChatDotNet9.csproj", "{CFA57EBC-32B6-4B8F-AEF0-8F8997A3BA70}"
EndProject
Project("{FAE04EC0-301F-11D3-BF4B-00C04F79EFBC}") = "BlazorSignalRChatDotNet9.Client", "BlazorSignalRChatDotNet9.Client\BlazorSignalRChatDotNet9.Client.csproj", "{88333285-7053-4D8E-8CDD-864E4653B8CB}"
EndProject
Global
	GlobalSection(SolutionConfigurationPlatforms) = preSolution
		Debug|Any CPU = Debug|Any CPU
		Release|Any CPU = Release|Any CPU
	EndGlobalSection
	GlobalSection(ProjectConfigurationPlatforms) = postSolution
		{CFA57EBC-32B6-4B8F-AEF0-8F8997A3BA70}.Debug|Any CPU.ActiveCfg = Debug|Any CPU
		{CFA57EBC-32B6-4B8F-AEF0-8F8997A3BA70}.Debug|Any CPU.Build.0 = Debug|Any CPU
		{CFA57EBC-32B6-4B8F-AEF0-8F8997A3BA70}.Release|Any CPU.ActiveCfg = Release|Any CPU
		{CFA57EBC-32B6-4B8F-AEF0-8F8997A3BA70}.Release|Any CPU.Build.0 = Release|Any CPU
		{88333285-7053-4D8E-8CDD-864E4653B8CB}.Debug|Any CPU.ActiveCfg = Debug|Any CPU
		{88333285-7053-4D8E-8CDD-864E4653B8CB}.Debug|Any CPU.Build.0 = Debug|Any CPU
		{88333285-7053-4D8E-8CDD-864E4653B8CB}.Release|Any CPU.ActiveCfg = Release|Any CPU
		{88333285-7053-4D8E-8CDD-864E4653B8CB}.Release|Any CPU.Build.0 = Release|Any CPU
	EndGlobalSection
	GlobalSection(SolutionProperties) = preSolution
		HideSolutionNode = FALSE
	EndGlobalSection
	GlobalSection(ExtensibilityGlobals) = postSolution
		SolutionGuid = {541B4C92-3F14-4E9C-BDAF-FD646F8ACF8E}
	EndGlobalSection
EndGlobal
